
Microsoft Visual Studio Solution File, Format Version 12.00
# Visual Studio Version 17
VisualStudioVersion = 17.6.33829.357
MinimumVisualStudioVersion = 10.0.40219.1
Project("{FAE04EC0-301F-11D3-BF4B-00C04F79EFBC}") = "AuthAPI", "AuthAPI\AuthAPI.csproj", "{77BFADC4-656E-4BED-8BC3-0199093B62E5}"
EndProject
Global
	GlobalSection(SolutionConfigurationPlatforms) = preSolution
		Debug|Any CPU = Debug|Any CPU
		Release|Any CPU = Release|Any CPU
	EndGlobalSection
	GlobalSection(ProjectConfigurationPlatforms) = postSolution
		{77BFADC4-656E-4BED-8BC3-0199093B62E5}.Debug|Any CPU.ActiveCfg = Debug|Any CPU
		{77BFADC4-656E-4BED-8BC3-0199093B62E5}.Debug|Any CPU.Build.0 = Debug|Any CPU
		{77BFADC4-656E-4BED-8BC3-0199093B62E5}.Release|Any CPU.ActiveCfg = Release|Any CPU
		{77BFADC4-656E-4BED-8BC3-0199093B62E5}.Release|Any CPU.Build.0 = Release|Any CPU
	EndGlobalSection
	GlobalSection(SolutionProperties) = preSolution
		HideSolutionNode = FALSE
	EndGlobalSection
	GlobalSection(ExtensibilityGlobals) = postSolution
		SolutionGuid = {BC6E01FE-6E74-45F9-A107-481AAE739CDD}
	EndGlobalSection
EndGlobal
